// !$*UTF8*$!
{
	archiveVersion = 1;
	classes = {
	};
	objectVersion = 50;
	objects = {

/* Begin PBXBuildFile section */
		7C5B29A024266C8E00220014 /* AppDelegate.swift in Sources */ = {isa = PBXBuildFile; fileRef = 7C5B299F24266C8E00220014 /* AppDelegate.swift */; };
		7C5B29A224266C8E00220014 /* SceneDelegate.swift in Sources */ = {isa = PBXBuildFile; fileRef = 7C5B29A124266C8E00220014 /* SceneDelegate.swift */; };
		7C5B29A424266C8E00220014 /* ViewController.swift in Sources */ = {isa = PBXBuildFile; fileRef = 7C5B29A324266C8E00220014 /* ViewController.swift */; };
		7C5B29A724266C8E00220014 /* Main.storyboard in Resources */ = {isa = PBXBuildFile; fileRef = 7C5B29A524266C8E00220014 /* Main.storyboard */; };
		7C5B29A924266C8F00220014 /* Assets.xcassets in Resources */ = {isa = PBXBuildFile; fileRef = 7C5B29A824266C8F00220014 /* Assets.xcassets */; };
		7C5B29AC24266C8F00220014 /* LaunchScreen.storyboard in Resources */ = {isa = PBXBuildFile; fileRef = 7C5B29AA24266C8F00220014 /* LaunchScreen.storyboard */; };
/* End PBXBuildFile section */

/* Begin PBXFileReference section */
		7C5B299C24266C8E00220014 /* SliderAndTextfieldTest.app */ = {isa = PBXFileReference; explicitFileType = wrapper.application; includeInIndex = 0; path = SliderAndTextfieldTest.app; sourceTree = BUILT_PRODUCTS_DIR; };
		7C5B299F24266C8E00220014 /* AppDelegate.swift */ = {isa = PBXFileReference; lastKnownFileType = sourcecode.swift; path = AppDelegate.swift; sourceTree = "<group>"; };
		7C5B29A124266C8E00220014 /* SceneDelegate.swift */ = {isa = PBXFileReference; lastKnownFileType = sourcecode.swift; path = SceneDelegate.swift; sourceTree = "<group>"; };
		7C5B29A324266C8E00220014 /* ViewController.swift */ = {isa = PBXFileReference; lastKnownFileType = sourcecode.swift; path = ViewController.swift; sourceTree = "<group>"; };
		7C5B29A624266C8E00220014 /* Base */ = {isa = PBXFileReference; lastKnownFileType = file.storyboard; name = Base; path = Base.lproj/Main.storyboard; sourceTree = "<group>"; };
		7C5B29A824266C8F00220014 /* Assets.xcassets */ = {isa = PBXFileReference; lastKnownFileType = folder.assetcatalog; path = Assets.xcassets; sourceTree = "<group>"; };
		7C5B29AB24266C8F00220014 /* Base */ = {isa = PBXFileReference; lastKnownFileType = file.storyboard; name = Base; path = Base.lproj/LaunchScreen.storyboard; sourceTree = "<group>"; };
		7C5B29AD24266C8F00220014 /* Info.plist */ = {isa = PBXFileReference; lastKnownFileType = text.plist.xml; path = Info.plist; sourceTree = "<group>"; };
/* End PBXFileReference section */

/* Begin PBXFrameworksBuildPhase section */
		7C5B299924266C8E00220014 /* Frameworks */ = {
			isa = PBXFrameworksBuildPhase;
			buildActionMask = 2147483647;
			files = (
			);
			runOnlyForDeploymentPostprocessing = 0;
		};
/* End PBXFrameworksBuildPhase section */

/* Begin PBXGroup section */
		7C5B299324266C8E00220014 = {
			isa = PBXGroup;
			children = (
				7C5B299E24266C8E00220014 /* SliderAndTextfieldTest */,
				7C5B299D24266C8E00220014 /* Products */,
			);
			sourceTree = "<group>";
		};
		7C5B299D24266C8E00220014 /* Products */ = {
			isa = PBXGroup;
			children = (
				7C5B299C24266C8E00220014 /* SliderAndTextfieldTest.app */,
			);
			name = Products;
			sourceTree = "<group>";
		};
		7C5B299E24266C8E00220014 /* SliderAndTextfieldTest */ = {
			isa = PBXGroup;
			children = (
				7C5B299F24266C8E00220014 /* AppDelegate.swift */,
				7C5B29A124266C8E00220014 /* SceneDelegate.swift */,
				7C5B29A324266C8E00220014 /* ViewController.swift */,
				7C5B29A524266C8E00220014 /* Main.storyboard */,
				7C5B29A824266C8F00220014 /* Assets.xcassets */,
				7C5B29AA24266C8F00220014 /* LaunchScreen.storyboard */,
				7C5B29AD24266C8F00220014 /* Info.plist */,
			);
			path = SliderAndTextfieldTest;
			sourceTree = "<group>";
		};
/* End PBXGroup section */

/* Begin PBXNativeTarget section */
		7C5B299B24266C8E00220014 /* SliderAndTextfieldTest */ = {
			isa = PBXNativeTarget;
			buildConfigurationList = 7C5B29B024266C8F00220014 /* Build configuration list for PBXNativeTarget "SliderAndTextfieldTest" */;
			buildPhases = (
				7C5B299824266C8E00220014 /* Sources */,
				7C5B299924266C8E00220014 /* Frameworks */,
				7C5B299A24266C8E00220014 /* Resources */,
			);
			buildRules = (
			);
			dependencies = (
			);
			name = SliderAndTextfieldTest;
			productName = SliderAndTextfieldTest;
			productReference = 7C5B299C24266C8E00220014 /* SliderAndTextfieldTest.app */;
			productType = "com.apple.product-type.application";
		};
/* End PBXNativeTarget section */

/* Begin PBXProject section */
		7C5B299424266C8E00220014 /* Project object */ = {
			isa = PBXProject;
			attributes = {
				LastSwiftUpdateCheck = 1130;
				LastUpgradeCheck = 1130;
				ORGANIZATIONNAME = joseph;
				TargetAttributes = {
					7C5B299B24266C8E00220014 = {
						CreatedOnToolsVersion = 11.3.1;
					};
				};
			};
			buildConfigurationList = 7C5B299724266C8E00220014 /* Build configuration list for PBXProject "SliderAndTextfieldTest" */;
			compatibilityVersion = "Xcode 9.3";
			developmentRegion = en;
			hasScannedForEncodings = 0;
			knownRegions = (
				en,
				Base,
			);
			mainGroup = 7C5B299324266C8E00220014;
			productRefGroup = 7C5B299D24266C8E00220014 /* Products */;
			projectDirPath = "";
			projectRoot = "";
			targets = (
				7C5B299B24266C8E00220014 /* SliderAndTextfieldTest */,
			);
		};
/* End PBXProject section */

/* Begin PBXResourcesBuildPhase section */
		7C5B299A24266C8E00220014 /* Resources */ = {
			isa = PBXResourcesBuildPhase;
			buildActionMask = 2147483647;
			files = (
				7C5B29AC24266C8F00220014 /* LaunchScreen.storyboard in Resources */,
				7C5B29A924266C8F00220014 /* Assets.xcassets in Resources */,
				7C5B29A724266C8E00220014 /* Main.storyboard in Resources */,
			);
			runOnlyForDeploymentPostprocessing = 0;
		};
/* End PBXResourcesBuildPhase section */

/* Begin PBXSourcesBuildPhase section */
		7C5B299824266C8E00220014 /* Sources */ = {
			isa = PBXSourcesBuildPhase;
			buildActionMask = 2147483647;
			files = (
				7C5B29A424266C8E00220014 /* ViewController.swift in Sources */,
				7C5B29A024266C8E00220014 /* AppDelegate.swift in Sources */,
				7C5B29A224266C8E00220014 /* SceneDelegate.swift in Sources */,
			);
			runOnlyForDeploymentPostprocessing = 0;
		};
/* End PBXSourcesBuildPhase section */

/* Begin PBXVariantGroup section */
		7C5B29A524266C8E00220014 /* Main.storyboard */ = {
			isa = PBXVariantGroup;
			children = (
				7C5B29A624266C8E00220014 /* Base */,
			);
			name = Main.storyboard;
			sourceTree = "<group>";
		};
		7C5B29AA24266C8F00220014 /* LaunchScreen.storyboard */ = {
			isa = PBXVariantGroup;
			children = (
				7C5B29AB24266C8F00220014 /* Base */,
			);
			name = LaunchScreen.storyboard;
			sourceTree = "<group>";
		};
/* End PBXVariantGroup section */

/* Begin XCBuildConfiguration section */
		7C5B29AE24266C8F00220014 /* Debug */ = {
			isa = XCBuildConfiguration;
			buildSettings = {
				ALWAYS_SEARCH_USER_PATHS = NO;
				CLANG_ANALYZER_NONNULL = YES;
				CLANG_ANALYZER_NUMBER_OBJECT_CONVERSION = YES_AGGRESSIVE;
				CLANG_CXX_LANGUAGE_STANDARD = "gnu++14";
				CLANG_CXX_LIBRARY = "libc++";
				CLANG_ENABLE_MODULES = YES;
				CLANG_ENABLE_OBJC_ARC = YES;
				CLANG_ENABLE_OBJC_WEAK = YES;
				CLANG_WARN_BLOCK_CAPTURE_AUTORELEASING = YES;
				CLANG_WARN_BOOL_CONVERSION = YES;
				CLANG_WARN_COMMA = YES;
				CLANG_WARN_CONSTANT_CONVERSION = YES;
				CLANG_WARN_DEPRECATED_OBJC_IMPLEMENTATIONS = YES;
				CLANG_WARN_DIRECT_OBJC_ISA_USAGE = YES_ERROR;
				CLANG_WARN_DOCUMENTATION_COMMENTS = YES;
				CLANG_WARN_EMPTY_BODY = YES;
				CLANG_WARN_ENUM_CONVERSION = YES;
				CLANG_WARN_INFINITE_RECURSION = YES;
				CLANG_WARN_INT_CONVERSION = YES;
				CLANG_WARN_NON_LITERAL_NULL_CONVERSION = YES;
				CLANG_WARN_OBJC_IMPLICIT_RETAIN_SELF = YES;
				CLANG_WARN_OBJC_LITERAL_CONVERSION = YES;
				CLANG_WARN_OBJC_ROOT_CLASS = YES_ERROR;
				CLANG_WARN_RANGE_LOOP_ANALYSIS = YES;
				CLANG_WARN_STRICT_PROTOTYPES = YES;
				CLANG_WARN_SUSPICIOUS_MOVE = YES;
				CLANG_WARN_UNGUARDED_AVAILABILITY = YES_AGGRESSIVE;
				CLANG_WARN_UNREACHABLE_CODE = YES;
				CLANG_WARN__DUPLICATE_METHOD_MATCH = YES;
				COPY_PHASE_STRIP = NO;
				DEBUG_INFORMATION_FORMAT = dwarf;
				ENABLE_STRICT_OBJC_MSGSEND = YES;
				ENABLE_TESTABILITY = YES;
				GCC_C_LANGUAGE_STANDARD = gnu11;
				GCC_DYNAMIC_NO_PIC = NO;
				GCC_NO_COMMON_BLOCKS = YES;
				GCC_OPTIMIZATION_LEVEL = 0;
				GCC_PREPROCESSOR_DEFINITIONS = (
					"DEBUG=1",
					"$(inherited)",
				);
				GCC_WARN_64_TO_32_BIT_CONVERSION = YES;
				GCC_WARN_ABOUT_RETURN_TYPE = YES_ERROR;
				GCC_WARN_UNDECLARED_SELECTOR = YES;
				GCC_WARN_UNINITIALIZED_AUTOS = YES_AGGRESSIVE;
				GCC_WARN_UNUSED_FUNCTION = YES;
				GCC_WARN_UNUSED_VARIABLE = YES;
				IPHONEOS_DEPLOYMENT_TARGET = 13.2;
				MTL_ENABLE_DEBUG_INFO = INCLUDE_SOURCE;
				MTL_FAST_MATH = YES;
				ONLY_ACTIVE_ARCH = YES;
				SDKROOT = iphoneos;
				SWIFT_ACTIVE_COMPILATION_CONDITIONS = DEBUG;
				SWIFT_OPTIMIZATION_LEVEL = "-Onone";
			};
			name = Debug;
		};
		7C5B29AF24266C8F00220014 /* Release */ = {
			isa = XCBuildConfiguration;
			buildSettings = {
				ALWAYS_SEARCH_USER_PATHS = NO;
				CLANG_ANALYZER_NONNULL = YES;
				CLANG_ANALYZER_NUMBER_OBJECT_CONVERSION = YES_AGGRESSIVE;
				CLANG_CXX_LANGUAGE_STANDARD = "gnu++14";
				CLANG_CXX_LIBRARY = "libc++";
				CLANG_ENABLE_MODULES = YES;
				CLANG_ENABLE_OBJC_ARC = YES;
				CLANG_ENABLE_OBJC_WEAK = YES;
				CLANG_WARN_BLOCK_CAPTURE_AUTORELEASING = YES;
				CLANG_WARN_BOOL_CONVERSION = YES;
				CLANG_WARN_COMMA = YES;
				CLANG_WARN_CONSTANT_CONVERSION = YES;
				CLANG_WARN_DEPRECATED_OBJC_IMPLEMENTATIONS = YES;
				CLANG_WARN_DIRECT_OBJC_ISA_USAGE = YES_ERROR;
				CLANG_WARN_DOCUMENTATION_COMMENTS = YES;
				CLANG_WARN_EMPTY_BODY = YES;
				CLANG_WARN_ENUM_CONVERSION = YES;
				CLANG_WARN_INFINITE_RECURSION = YES;
				CLANG_WARN_INT_CONVERSION = YES;
				CLANG_WARN_NON_LITERAL_NULL_CONVERSION = YES;
				CLANG_WARN_OBJC_IMPLICIT_RETAIN_SELF = YES;
				CLANG_WARN_OBJC_LITERAL_CONVERSION = YES;
				CLANG_WARN_OBJC_ROOT_CLASS = YES_ERROR;
				CLANG_WARN_RANGE_LOOP_ANALYSIS = YES;
				CLANG_WARN_STRICT_PROTOTYPES = YES;
				CLANG_WARN_SUSPICIOUS_MOVE = YES;
				CLANG_WARN_UNGUARDED_AVAILABILITY = YES_AGGRESSIVE;
				CLANG_WARN_UNREACHABLE_CODE = YES;
				CLANG_WARN__DUPLICATE_METHOD_MATCH = YES;
				COPY_PHASE_STRIP = NO;
				DEBUG_INFORMATION_FORMAT = "dwarf-with-dsym";
				ENABLE_NS_ASSERTIONS = NO;
				ENABLE_STRICT_OBJC_MSGSEND = YES;
				GCC_C_LANGUAGE_STANDARD = gnu11;
				GCC_NO_COMMON_BLOCKS = YES;
				GCC_WARN_64_TO_32_BIT_CONVERSION = YES;
				GCC_WARN_ABOUT_RETURN_TYPE = YES_ERROR;
				GCC_WARN_UNDECLARED_SELECTOR = YES;
				GCC_WARN_UNINITIALIZED_AUTOS = YES_AGGRESSIVE;
				GCC_WARN_UNUSED_FUNCTION = YES;
				GCC_WARN_UNUSED_VARIABLE = YES;
				IPHONEOS_DEPLOYMENT_TARGET = 13.2;
				MTL_ENABLE_DEBUG_INFO = NO;
				MTL_FAST_MATH = YES;
				SDKROOT = iphoneos;
				SWIFT_COMPILATION_MODE = wholemodule;
				SWIFT_OPTIMIZATION_LEVEL = "-O";
				VALIDATE_PRODUCT = YES;
			};
			name = Release;
		};
		7C5B29B124266C8F00220014 /* Debug */ = {
			isa = XCBuildConfiguration;
			buildSettings = {
				ASSETCATALOG_COMPILER_APPICON_NAME = AppIcon;
				CODE_SIGN_STYLE = Automatic;
				INFOPLIST_FILE = SliderAndTextfieldTest/Info.plist;
				LD_RUNPATH_SEARCH_PATHS = (
					"$(inherited)",
					"@executable_path/Frameworks",
				);
				PRODUCT_BUNDLE_IDENTIFIER = com.joseph.SliderAndTextfieldTest;
				PRODUCT_NAME = "$(TARGET_NAME)";
				SWIFT_VERSION = 5.0;
				TARGETED_DEVICE_FAMILY = "1,2";
			};
			name = Debug;
		};
		7C5B29B224266C8F00220014 /* Release */ = {
			isa = XCBuildConfiguration;
			buildSettings = {
				ASSETCATALOG_COMPILER_APPICON_NAME = AppIcon;
				CODE_SIGN_STYLE = Automatic;
				INFOPLIST_FILE = SliderAndTextfieldTest/Info.plist;
				LD_RUNPATH_SEARCH_PATHS = (
					"$(inherited)",
					"@executable_path/Frameworks",
				);
				PRODUCT_BUNDLE_IDENTIFIER = com.joseph.SliderAndTextfieldTest;
				PRODUCT_NAME = "$(TARGET_NAME)";
				SWIFT_VERSION = 5.0;
				TARGETED_DEVICE_FAMILY = "1,2";
			};
			name = Release;
		};
/* End XCBuildConfiguration section */

/* Begin XCConfigurationList section */
		7C5B299724266C8E00220014 /* Build configuration list for PBXProject "SliderAndTextfieldTest" */ = {
			isa = XCConfigurationList;
			buildConfigurations = (
				7C5B29AE24266C8F00220014 /* Debug */,
				7C5B29AF24266C8F00220014 /* Release */,
			);
			defaultConfigurationIsVisible = 0;
			defaultConfigurationName = Release;
		};
		7C5B29B024266C8F00220014 /* Build configuration list for PBXNativeTarget "SliderAndTextfieldTest" */ = {
			isa = XCConfigurationList;
			buildConfigurations = (
				7C5B29B124266C8F00220014 /* Debug */,
				7C5B29B224266C8F00220014 /* Release */,
			);
			defaultConfigurationIsVisible = 0;
			defaultConfigurationName = Release;
		};
/* End XCConfigurationList section */
	};
	rootObject = 7C5B299424266C8E00220014 /* Project object */;
}
